
Microsoft Visual Studio Solution File, Format Version 12.00
# Visual Studio Version 17
VisualStudioVersion = 17.11.35222.181
MinimumVisualStudioVersion = 10.0.40219.1
Project("{888888A0-9F3D-457C-B088-3A5042F75D52}") = "AggressiveAardvarks_Assignment11", "AggressiveAardvarks_Assignment11\AggressiveAardvarks_Assignment11.pyproj", "{34C15A6C-BEE6-4AD1-AF22-911211DF6D05}"
EndProject
Global
	GlobalSection(SolutionConfigurationPlatforms) = preSolution
		Debug|Any CPU = Debug|Any CPU
		Release|Any CPU = Release|Any CPU
	EndGlobalSection
	GlobalSection(ProjectConfigurationPlatforms) = postSolution
		{34C15A6C-BEE6-4AD1-AF22-911211DF6D05}.Debug|Any CPU.ActiveCfg = Debug|Any CPU
		{34C15A6C-BEE6-4AD1-AF22-911211DF6D05}.Release|Any CPU.ActiveCfg = Release|Any CPU
	EndGlobalSection
	GlobalSection(SolutionProperties) = preSolution
		HideSolutionNode = FALSE
	EndGlobalSection
	GlobalSection(ExtensibilityGlobals) = postSolution
		SolutionGuid = {0D8B278A-7974-4D99-9B43-1472CD27A847}
	EndGlobalSection
EndGlobal
